// !$*UTF8*$!
{
	archiveVersion = 1;
	classes = {
	};
	objectVersion = 55;
	objects = {

/* Begin PBXBuildFile section */
		685D310527858477000F691C /* Constants.swift in Sources */ = {isa = PBXBuildFile; fileRef = 685D30FE27858477000F691C /* Constants.swift */; };
		685D310827858477000F691C /* DoydukModel.swift in Sources */ = {isa = PBXBuildFile; fileRef = 685D310127858477000F691C /* DoydukModel.swift */; };
		685D310927858477000F691C /* Service.swift in Sources */ = {isa = PBXBuildFile; fileRef = 685D310227858477000F691C /* Service.swift */; };
		685D310D2785890D000F691C /* EgitimNavavbar.swift in Sources */ = {isa = PBXBuildFile; fileRef = 685D310C2785890D000F691C /* EgitimNavavbar.swift */; };
		685D310F278590E6000F691C /* CategoryViewModel.swift in Sources */ = {isa = PBXBuildFile; fileRef = 685D310E278590E6000F691C /* CategoryViewModel.swift */; };
		685D311127859705000F691C /* CategoryCell.swift in Sources */ = {isa = PBXBuildFile; fileRef = 685D311027859705000F691C /* CategoryCell.swift */; };
		685D311327859DC4000F691C /* CategoryDetailView.swift in Sources */ = {isa = PBXBuildFile; fileRef = 685D311227859DC4000F691C /* CategoryDetailView.swift */; };
		685D311527859F18000F691C /* DishesCell.swift in Sources */ = {isa = PBXBuildFile; fileRef = 685D311427859F18000F691C /* DishesCell.swift */; };
		685D31172785A316000F691C /* CategoryDetailViewModel.swift in Sources */ = {isa = PBXBuildFile; fileRef = 685D31162785A316000F691C /* CategoryDetailViewModel.swift */; };
		6886B61827880B6A0005E406 /* DishesDetailView.swift in Sources */ = {isa = PBXBuildFile; fileRef = 6886B61727880B6A0005E406 /* DishesDetailView.swift */; };
		68FBCBD427832070008A4FEE /* Egitim_DoydukApp.swift in Sources */ = {isa = PBXBuildFile; fileRef = 68FBCBC42783206F008A4FEE /* Egitim_DoydukApp.swift */; };
		68FBCBD527832070008A4FEE /* Egitim_DoydukApp.swift in Sources */ = {isa = PBXBuildFile; fileRef = 68FBCBC42783206F008A4FEE /* Egitim_DoydukApp.swift */; };
		68FBCBD627832070008A4FEE /* ContentView.swift in Sources */ = {isa = PBXBuildFile; fileRef = 68FBCBC52783206F008A4FEE /* ContentView.swift */; };
		68FBCBD727832070008A4FEE /* ContentView.swift in Sources */ = {isa = PBXBuildFile; fileRef = 68FBCBC52783206F008A4FEE /* ContentView.swift */; };
		68FBCBD827832070008A4FEE /* Assets.xcassets in Resources */ = {isa = PBXBuildFile; fileRef = 68FBCBC627832070008A4FEE /* Assets.xcassets */; };
		68FBCBD927832070008A4FEE /* Assets.xcassets in Resources */ = {isa = PBXBuildFile; fileRef = 68FBCBC627832070008A4FEE /* Assets.xcassets */; };
		68FBCBF8278321ED008A4FEE /* Roboto-Black.ttf in Resources */ = {isa = PBXBuildFile; fileRef = 68FBCBEC278321ED008A4FEE /* Roboto-Black.ttf */; };
		68FBCBF9278321ED008A4FEE /* Roboto-Black.ttf in Resources */ = {isa = PBXBuildFile; fileRef = 68FBCBEC278321ED008A4FEE /* Roboto-Black.ttf */; };
		68FBCBFA278321ED008A4FEE /* Roboto-Bold.ttf in Resources */ = {isa = PBXBuildFile; fileRef = 68FBCBED278321ED008A4FEE /* Roboto-Bold.ttf */; };
		68FBCBFB278321ED008A4FEE /* Roboto-Bold.ttf in Resources */ = {isa = PBXBuildFile; fileRef = 68FBCBED278321ED008A4FEE /* Roboto-Bold.ttf */; };
		68FBCBFC278321ED008A4FEE /* Roboto-Thin.ttf in Resources */ = {isa = PBXBuildFile; fileRef = 68FBCBEE278321ED008A4FEE /* Roboto-Thin.ttf */; };
		68FBCBFD278321ED008A4FEE /* Roboto-Thin.ttf in Resources */ = {isa = PBXBuildFile; fileRef = 68FBCBEE278321ED008A4FEE /* Roboto-Thin.ttf */; };
		68FBCBFE278321ED008A4FEE /* Roboto-BlackItalic.ttf in Resources */ = {isa = PBXBuildFile; fileRef = 68FBCBEF278321ED008A4FEE /* Roboto-BlackItalic.ttf */; };
		68FBCBFF278321ED008A4FEE /* Roboto-BlackItalic.ttf in Resources */ = {isa = PBXBuildFile; fileRef = 68FBCBEF278321ED008A4FEE /* Roboto-BlackItalic.ttf */; };
		68FBCC00278321ED008A4FEE /* Roboto-BoldItalic.ttf in Resources */ = {isa = PBXBuildFile; fileRef = 68FBCBF0278321ED008A4FEE /* Roboto-BoldItalic.ttf */; };
		68FBCC01278321ED008A4FEE /* Roboto-BoldItalic.ttf in Resources */ = {isa = PBXBuildFile; fileRef = 68FBCBF0278321ED008A4FEE /* Roboto-BoldItalic.ttf */; };
		68FBCC02278321ED008A4FEE /* Roboto-LightItalic.ttf in Resources */ = {isa = PBXBuildFile; fileRef = 68FBCBF1278321ED008A4FEE /* Roboto-LightItalic.ttf */; };
		68FBCC03278321ED008A4FEE /* Roboto-LightItalic.ttf in Resources */ = {isa = PBXBuildFile; fileRef = 68FBCBF1278321ED008A4FEE /* Roboto-LightItalic.ttf */; };
		68FBCC04278321ED008A4FEE /* Roboto-Light.ttf in Resources */ = {isa = PBXBuildFile; fileRef = 68FBCBF2278321ED008A4FEE /* Roboto-Light.ttf */; };
		68FBCC05278321ED008A4FEE /* Roboto-Light.ttf in Resources */ = {isa = PBXBuildFile; fileRef = 68FBCBF2278321ED008A4FEE /* Roboto-Light.ttf */; };
		68FBCC06278321ED008A4FEE /* Roboto-MediumItalic.ttf in Resources */ = {isa = PBXBuildFile; fileRef = 68FBCBF3278321ED008A4FEE /* Roboto-MediumItalic.ttf */; };
		68FBCC07278321ED008A4FEE /* Roboto-MediumItalic.ttf in Resources */ = {isa = PBXBuildFile; fileRef = 68FBCBF3278321ED008A4FEE /* Roboto-MediumItalic.ttf */; };
		68FBCC08278321ED008A4FEE /* Roboto-Medium.ttf in Resources */ = {isa = PBXBuildFile; fileRef = 68FBCBF4278321ED008A4FEE /* Roboto-Medium.ttf */; };
		68FBCC09278321ED008A4FEE /* Roboto-Medium.ttf in Resources */ = {isa = PBXBuildFile; fileRef = 68FBCBF4278321ED008A4FEE /* Roboto-Medium.ttf */; };
		68FBCC0A278321ED008A4FEE /* Roboto-Regular.ttf in Resources */ = {isa = PBXBuildFile; fileRef = 68FBCBF5278321ED008A4FEE /* Roboto-Regular.ttf */; };
		68FBCC0B278321ED008A4FEE /* Roboto-Regular.ttf in Resources */ = {isa = PBXBuildFile; fileRef = 68FBCBF5278321ED008A4FEE /* Roboto-Regular.ttf */; };
		68FBCC0C278321ED008A4FEE /* Roboto-ThinItalic.ttf in Resources */ = {isa = PBXBuildFile; fileRef = 68FBCBF6278321ED008A4FEE /* Roboto-ThinItalic.ttf */; };
		68FBCC0D278321ED008A4FEE /* Roboto-ThinItalic.ttf in Resources */ = {isa = PBXBuildFile; fileRef = 68FBCBF6278321ED008A4FEE /* Roboto-ThinItalic.ttf */; };
		68FBCC0E278321ED008A4FEE /* Roboto-Italic.ttf in Resources */ = {isa = PBXBuildFile; fileRef = 68FBCBF7278321ED008A4FEE /* Roboto-Italic.ttf */; };
		68FBCC0F278321ED008A4FEE /* Roboto-Italic.ttf in Resources */ = {isa = PBXBuildFile; fileRef = 68FBCBF7278321ED008A4FEE /* Roboto-Italic.ttf */; };
		68FBCC1327832330008A4FEE /* UtilClass.swift in Sources */ = {isa = PBXBuildFile; fileRef = 68FBCC1227832330008A4FEE /* UtilClass.swift */; };
		68FBCC1427832330008A4FEE /* UtilClass.swift in Sources */ = {isa = PBXBuildFile; fileRef = 68FBCC1227832330008A4FEE /* UtilClass.swift */; };
		68FBCC16278323BC008A4FEE /* Color.xcassets in Resources */ = {isa = PBXBuildFile; fileRef = 68FBCC15278323BC008A4FEE /* Color.xcassets */; };
		68FBCC17278323BC008A4FEE /* Color.xcassets in Resources */ = {isa = PBXBuildFile; fileRef = 68FBCC15278323BC008A4FEE /* Color.xcassets */; };
		68FBCC1B27832575008A4FEE /* LoginView.swift in Sources */ = {isa = PBXBuildFile; fileRef = 68FBCC1A27832575008A4FEE /* LoginView.swift */; };
		68FBCC1C27832575008A4FEE /* LoginView.swift in Sources */ = {isa = PBXBuildFile; fileRef = 68FBCC1A27832575008A4FEE /* LoginView.swift */; };
		68FBCC1F27832B9A008A4FEE /* LoginTextView.swift in Sources */ = {isa = PBXBuildFile; fileRef = 68FBCC1E27832B9A008A4FEE /* LoginTextView.swift */; };
		68FBCC2027832B9A008A4FEE /* LoginTextView.swift in Sources */ = {isa = PBXBuildFile; fileRef = 68FBCC1E27832B9A008A4FEE /* LoginTextView.swift */; };
		68FBCC2327833213008A4FEE /* CategoryView.swift in Sources */ = {isa = PBXBuildFile; fileRef = 68FBCC2227833213008A4FEE /* CategoryView.swift */; };
		68FBCC2427833213008A4FEE /* CategoryView.swift in Sources */ = {isa = PBXBuildFile; fileRef = 68FBCC2227833213008A4FEE /* CategoryView.swift */; };
/* End PBXBuildFile section */

/* Begin PBXFileReference section */
		685D30FE27858477000F691C /* Constants.swift */ = {isa = PBXFileReference; fileEncoding = 4; lastKnownFileType = sourcecode.swift; path = Constants.swift; sourceTree = "<group>"; };
		685D310127858477000F691C /* DoydukModel.swift */ = {isa = PBXFileReference; fileEncoding = 4; lastKnownFileType = sourcecode.swift; path = DoydukModel.swift; sourceTree = "<group>"; };
		685D310227858477000F691C /* Service.swift */ = {isa = PBXFileReference; fileEncoding = 4; lastKnownFileType = sourcecode.swift; path = Service.swift; sourceTree = "<group>"; };
		685D310C2785890D000F691C /* EgitimNavavbar.swift */ = {isa = PBXFileReference; lastKnownFileType = sourcecode.swift; path = EgitimNavavbar.swift; sourceTree = "<group>"; };
		685D310E278590E6000F691C /* CategoryViewModel.swift */ = {isa = PBXFileReference; lastKnownFileType = sourcecode.swift; path = CategoryViewModel.swift; sourceTree = "<group>"; };
		685D311027859705000F691C /* CategoryCell.swift */ = {isa = PBXFileReference; lastKnownFileType = sourcecode.swift; path = CategoryCell.swift; sourceTree = "<group>"; };
		685D311227859DC4000F691C /* CategoryDetailView.swift */ = {isa = PBXFileReference; lastKnownFileType = sourcecode.swift; path = CategoryDetailView.swift; sourceTree = "<group>"; };
		685D311427859F18000F691C /* DishesCell.swift */ = {isa = PBXFileReference; lastKnownFileType = sourcecode.swift; path = DishesCell.swift; sourceTree = "<group>"; };
		685D31162785A316000F691C /* CategoryDetailViewModel.swift */ = {isa = PBXFileReference; lastKnownFileType = sourcecode.swift; path = CategoryDetailViewModel.swift; sourceTree = "<group>"; };
		6886B61727880B6A0005E406 /* DishesDetailView.swift */ = {isa = PBXFileReference; lastKnownFileType = sourcecode.swift; path = DishesDetailView.swift; sourceTree = "<group>"; };
		68FBCBC42783206F008A4FEE /* Egitim_DoydukApp.swift */ = {isa = PBXFileReference; lastKnownFileType = sourcecode.swift; path = Egitim_DoydukApp.swift; sourceTree = "<group>"; };
		68FBCBC52783206F008A4FEE /* ContentView.swift */ = {isa = PBXFileReference; lastKnownFileType = sourcecode.swift; path = ContentView.swift; sourceTree = "<group>"; };
		68FBCBC627832070008A4FEE /* Assets.xcassets */ = {isa = PBXFileReference; lastKnownFileType = folder.assetcatalog; path = Assets.xcassets; sourceTree = "<group>"; };
		68FBCBCB27832070008A4FEE /* Egitim_Doyduk.app */ = {isa = PBXFileReference; explicitFileType = wrapper.application; includeInIndex = 0; path = Egitim_Doyduk.app; sourceTree = BUILT_PRODUCTS_DIR; };
		68FBCBD127832070008A4FEE /* Egitim_Doyduk.app */ = {isa = PBXFileReference; explicitFileType = wrapper.application; includeInIndex = 0; path = Egitim_Doyduk.app; sourceTree = BUILT_PRODUCTS_DIR; };
		68FBCBD327832070008A4FEE /* macOS.entitlements */ = {isa = PBXFileReference; lastKnownFileType = text.plist.entitlements; path = macOS.entitlements; sourceTree = "<group>"; };
		68FBCBEC278321ED008A4FEE /* Roboto-Black.ttf */ = {isa = PBXFileReference; lastKnownFileType = file; path = "Roboto-Black.ttf"; sourceTree = "<group>"; };
		68FBCBED278321ED008A4FEE /* Roboto-Bold.ttf */ = {isa = PBXFileReference; lastKnownFileType = file; path = "Roboto-Bold.ttf"; sourceTree = "<group>"; };
		68FBCBEE278321ED008A4FEE /* Roboto-Thin.ttf */ = {isa = PBXFileReference; lastKnownFileType = file; path = "Roboto-Thin.ttf"; sourceTree = "<group>"; };
		68FBCBEF278321ED008A4FEE /* Roboto-BlackItalic.ttf */ = {isa = PBXFileReference; lastKnownFileType = file; path = "Roboto-BlackItalic.ttf"; sourceTree = "<group>"; };
		68FBCBF0278321ED008A4FEE /* Roboto-BoldItalic.ttf */ = {isa = PBXFileReference; lastKnownFileType = file; path = "Roboto-BoldItalic.ttf"; sourceTree = "<group>"; };
		68FBCBF1278321ED008A4FEE /* Roboto-LightItalic.ttf */ = {isa = PBXFileReference; lastKnownFileType = file; path = "Roboto-LightItalic.ttf"; sourceTree = "<group>"; };
		68FBCBF2278321ED008A4FEE /* Roboto-Light.ttf */ = {isa = PBXFileReference; lastKnownFileType = file; path = "Roboto-Light.ttf"; sourceTree = "<group>"; };
		68FBCBF3278321ED008A4FEE /* Roboto-MediumItalic.ttf */ = {isa = PBXFileReference; lastKnownFileType = file; path = "Roboto-MediumItalic.ttf"; sourceTree = "<group>"; };
		68FBCBF4278321ED008A4FEE /* Roboto-Medium.ttf */ = {isa = PBXFileReference; lastKnownFileType = file; path = "Roboto-Medium.ttf"; sourceTree = "<group>"; };
		68FBCBF5278321ED008A4FEE /* Roboto-Regular.ttf */ = {isa = PBXFileReference; lastKnownFileType = file; path = "Roboto-Regular.ttf"; sourceTree = "<group>"; };
		68FBCBF6278321ED008A4FEE /* Roboto-ThinItalic.ttf */ = {isa = PBXFileReference; lastKnownFileType = file; path = "Roboto-ThinItalic.ttf"; sourceTree = "<group>"; };
		68FBCBF7278321ED008A4FEE /* Roboto-Italic.ttf */ = {isa = PBXFileReference; lastKnownFileType = file; path = "Roboto-Italic.ttf"; sourceTree = "<group>"; };
		68FBCC102783221D008A4FEE /* Egitim-Doyduk--iOS--Info.plist */ = {isa = PBXFileReference; lastKnownFileType = text.plist; path = "Egitim-Doyduk--iOS--Info.plist"; sourceTree = "<group>"; };
		68FBCC1227832330008A4FEE /* UtilClass.swift */ = {isa = PBXFileReference; lastKnownFileType = sourcecode.swift; path = UtilClass.swift; sourceTree = "<group>"; };
		68FBCC15278323BC008A4FEE /* Color.xcassets */ = {isa = PBXFileReference; lastKnownFileType = folder.assetcatalog; path = Color.xcassets; sourceTree = "<group>"; };
		68FBCC1A27832575008A4FEE /* LoginView.swift */ = {isa = PBXFileReference; lastKnownFileType = sourcecode.swift; path = LoginView.swift; sourceTree = "<group>"; };
		68FBCC1E27832B9A008A4FEE /* LoginTextView.swift */ = {isa = PBXFileReference; lastKnownFileType = sourcecode.swift; path = LoginTextView.swift; sourceTree = "<group>"; };
		68FBCC2227833213008A4FEE /* CategoryView.swift */ = {isa = PBXFileReference; lastKnownFileType = sourcecode.swift; path = CategoryView.swift; sourceTree = "<group>"; };
/* End PBXFileReference section */

/* Begin PBXFrameworksBuildPhase section */
		68FBCBC827832070008A4FEE /* Frameworks */ = {
			isa = PBXFrameworksBuildPhase;
			buildActionMask = 2147483647;
			files = (
			);
			runOnlyForDeploymentPostprocessing = 0;
		};
		68FBCBCE27832070008A4FEE /* Frameworks */ = {
			isa = PBXFrameworksBuildPhase;
			buildActionMask = 2147483647;
			files = (
			);
			runOnlyForDeploymentPostprocessing = 0;
		};
/* End PBXFrameworksBuildPhase section */

/* Begin PBXGroup section */
		685D30FD27858477000F691C /* Common */ = {
			isa = PBXGroup;
			children = (
				685D30FE27858477000F691C /* Constants.swift */,
				685D310127858477000F691C /* DoydukModel.swift */,
				685D310227858477000F691C /* Service.swift */,
			);
			name = Common;
			path = Shared/Common;
			sourceTree = SOURCE_ROOT;
		};
		68FBCBBE2783206F008A4FEE = {
			isa = PBXGroup;
			children = (
				68FBCC102783221D008A4FEE /* Egitim-Doyduk--iOS--Info.plist */,
				68FBCBC32783206F008A4FEE /* Shared */,
				68FBCBD227832070008A4FEE /* macOS */,
				68FBCBCC27832070008A4FEE /* Products */,
			);
			sourceTree = "<group>";
		};
		68FBCBC32783206F008A4FEE /* Shared */ = {
			isa = PBXGroup;
			children = (
				68FBCC182783255C008A4FEE /* Modules */,
				68FBCC112783231D008A4FEE /* Util */,
				68FBCBEA278321C3008A4FEE /* Source */,
				68FBCBC42783206F008A4FEE /* Egitim_DoydukApp.swift */,
				68FBCBC52783206F008A4FEE /* ContentView.swift */,
				68FBCBC627832070008A4FEE /* Assets.xcassets */,
				68FBCC15278323BC008A4FEE /* Color.xcassets */,
			);
			path = Shared;
			sourceTree = "<group>";
		};
		68FBCBCC27832070008A4FEE /* Products */ = {
			isa = PBXGroup;
			children = (
				68FBCBCB27832070008A4FEE /* Egitim_Doyduk.app */,
				68FBCBD127832070008A4FEE /* Egitim_Doyduk.app */,
			);
			name = Products;
			sourceTree = "<group>";
		};
		68FBCBD227832070008A4FEE /* macOS */ = {
			isa = PBXGroup;
			children = (
				68FBCBD327832070008A4FEE /* macOS.entitlements */,
			);
			path = macOS;
			sourceTree = "<group>";
		};
		68FBCBEA278321C3008A4FEE /* Source */ = {
			isa = PBXGroup;
			children = (
				68FBCBEB278321C8008A4FEE /* Fonts */,
			);
			path = Source;
			sourceTree = "<group>";
		};
		68FBCBEB278321C8008A4FEE /* Fonts */ = {
			isa = PBXGroup;
			children = (
				68FBCBEC278321ED008A4FEE /* Roboto-Black.ttf */,
				68FBCBEF278321ED008A4FEE /* Roboto-BlackItalic.ttf */,
				68FBCBED278321ED008A4FEE /* Roboto-Bold.ttf */,
				68FBCBF0278321ED008A4FEE /* Roboto-BoldItalic.ttf */,
				68FBCBF7278321ED008A4FEE /* Roboto-Italic.ttf */,
				68FBCBF2278321ED008A4FEE /* Roboto-Light.ttf */,
				68FBCBF1278321ED008A4FEE /* Roboto-LightItalic.ttf */,
				68FBCBF4278321ED008A4FEE /* Roboto-Medium.ttf */,
				68FBCBF3278321ED008A4FEE /* Roboto-MediumItalic.ttf */,
				68FBCBF5278321ED008A4FEE /* Roboto-Regular.ttf */,
				68FBCBEE278321ED008A4FEE /* Roboto-Thin.ttf */,
				68FBCBF6278321ED008A4FEE /* Roboto-ThinItalic.ttf */,
			);
			path = Fonts;
			sourceTree = "<group>";
		};
		68FBCC112783231D008A4FEE /* Util */ = {
			isa = PBXGroup;
			children = (
				68FBCC1227832330008A4FEE /* UtilClass.swift */,
			);
			path = Util;
			sourceTree = "<group>";
		};
		68FBCC182783255C008A4FEE /* Modules */ = {
			isa = PBXGroup;
			children = (
				685D30FD27858477000F691C /* Common */,
				68FBCC21278331F8008A4FEE /* Categories */,
				68FBCC1D27832B89008A4FEE /* CommonView */,
				68FBCC1927832566008A4FEE /* Login */,
			);
			path = Modules;
			sourceTree = "<group>";
		};
		68FBCC1927832566008A4FEE /* Login */ = {
			isa = PBXGroup;
			children = (
				68FBCC1A27832575008A4FEE /* LoginView.swift */,
			);
			path = Login;
			sourceTree = "<group>";
		};
		68FBCC1D27832B89008A4FEE /* CommonView */ = {
			isa = PBXGroup;
			children = (
				68FBCC1E27832B9A008A4FEE /* LoginTextView.swift */,
			);
			path = CommonView;
			sourceTree = "<group>";
		};
		68FBCC21278331F8008A4FEE /* Categories */ = {
			isa = PBXGroup;
			children = (
				68FBCC2227833213008A4FEE /* CategoryView.swift */,
				685D310E278590E6000F691C /* CategoryViewModel.swift */,
				685D311027859705000F691C /* CategoryCell.swift */,
				685D310C2785890D000F691C /* EgitimNavavbar.swift */,
				685D311427859F18000F691C /* DishesCell.swift */,
				685D311227859DC4000F691C /* CategoryDetailView.swift */,
				685D31162785A316000F691C /* CategoryDetailViewModel.swift */,
				6886B61727880B6A0005E406 /* DishesDetailView.swift */,
			);
			path = Categories;
			sourceTree = "<group>";
		};
/* End PBXGroup section */

/* Begin PBXNativeTarget section */
		68FBCBCA27832070008A4FEE /* Egitim_Doyduk (iOS) */ = {
			isa = PBXNativeTarget;
			buildConfigurationList = 68FBCBDC27832070008A4FEE /* Build configuration list for PBXNativeTarget "Egitim_Doyduk (iOS)" */;
			buildPhases = (
				68FBCBC727832070008A4FEE /* Sources */,
				68FBCBC827832070008A4FEE /* Frameworks */,
				68FBCBC927832070008A4FEE /* Resources */,
			);
			buildRules = (
			);
			dependencies = (
			);
			name = "Egitim_Doyduk (iOS)";
			productName = "Egitim_Doyduk (iOS)";
			productReference = 68FBCBCB27832070008A4FEE /* Egitim_Doyduk.app */;
			productType = "com.apple.product-type.application";
		};
		68FBCBD027832070008A4FEE /* Egitim_Doyduk (macOS) */ = {
			isa = PBXNativeTarget;
			buildConfigurationList = 68FBCBDF27832070008A4FEE /* Build configuration list for PBXNativeTarget "Egitim_Doyduk (macOS)" */;
			buildPhases = (
				68FBCBCD27832070008A4FEE /* Sources */,
				68FBCBCE27832070008A4FEE /* Frameworks */,
				68FBCBCF27832070008A4FEE /* Resources */,
			);
			buildRules = (
			);
			dependencies = (
			);
			name = "Egitim_Doyduk (macOS)";
			productName = "Egitim_Doyduk (macOS)";
			productReference = 68FBCBD127832070008A4FEE /* Egitim_Doyduk.app */;
			productType = "com.apple.product-type.application";
		};
/* End PBXNativeTarget section */

/* Begin PBXProject section */
		68FBCBBF2783206F008A4FEE /* Project object */ = {
			isa = PBXProject;
			attributes = {
				BuildIndependentTargetsInParallel = 1;
				LastSwiftUpdateCheck = 1320;
				LastUpgradeCheck = 1320;
				TargetAttributes = {
					68FBCBCA27832070008A4FEE = {
						CreatedOnToolsVersion = 13.2.1;
					};
					68FBCBD027832070008A4FEE = {
						CreatedOnToolsVersion = 13.2.1;
					};
				};
			};
			buildConfigurationList = 68FBCBC22783206F008A4FEE /* Build configuration list for PBXProject "Egitim_Doyduk" */;
			compatibilityVersion = "Xcode 13.0";
			developmentRegion = en;
			hasScannedForEncodings = 0;
			knownRegions = (
				en,
				Base,
			);
			mainGroup = 68FBCBBE2783206F008A4FEE;
			productRefGroup = 68FBCBCC27832070008A4FEE /* Products */;
			projectDirPath = "";
			projectRoot = "";
			targets = (
				68FBCBCA27832070008A4FEE /* Egitim_Doyduk (iOS) */,
				68FBCBD027832070008A4FEE /* Egitim_Doyduk (macOS) */,
			);
		};
/* End PBXProject section */

/* Begin PBXResourcesBuildPhase section */
		68FBCBC927832070008A4FEE /* Resources */ = {
			isa = PBXResourcesBuildPhase;
			buildActionMask = 2147483647;
			files = (
				68FBCC0C278321ED008A4FEE /* Roboto-ThinItalic.ttf in Resources */,
				68FBCC08278321ED008A4FEE /* Roboto-Medium.ttf in Resources */,
				68FBCC0A278321ED008A4FEE /* Roboto-Regular.ttf in Resources */,
				68FBCC00278321ED008A4FEE /* Roboto-BoldItalic.ttf in Resources */,
				68FBCBFC278321ED008A4FEE /* Roboto-Thin.ttf in Resources */,
				68FBCC0E278321ED008A4FEE /* Roboto-Italic.ttf in Resources */,
				68FBCC02278321ED008A4FEE /* Roboto-LightItalic.ttf in Resources */,
				68FBCBD827832070008A4FEE /* Assets.xcassets in Resources */,
				68FBCBFE278321ED008A4FEE /* Roboto-BlackItalic.ttf in Resources */,
				68FBCBF8278321ED008A4FEE /* Roboto-Black.ttf in Resources */,
				68FBCC04278321ED008A4FEE /* Roboto-Light.ttf in Resources */,
				68FBCC16278323BC008A4FEE /* Color.xcassets in Resources */,
				68FBCC06278321ED008A4FEE /* Roboto-MediumItalic.ttf in Resources */,
				68FBCBFA278321ED008A4FEE /* Roboto-Bold.ttf in Resources */,
			);
			runOnlyForDeploymentPostprocessing = 0;
		};
		68FBCBCF27832070008A4FEE /* Resources */ = {
			isa = PBXResourcesBuildPhase;
			buildActionMask = 2147483647;
			files = (
				68FBCC0D278321ED008A4FEE /* Roboto-ThinItalic.ttf in Resources */,
				68FBCC09278321ED008A4FEE /* Roboto-Medium.ttf in Resources */,
				68FBCC0B278321ED008A4FEE /* Roboto-Regular.ttf in Resources */,
				68FBCC01278321ED008A4FEE /* Roboto-BoldItalic.ttf in Resources */,
				68FBCBFD278321ED008A4FEE /* Roboto-Thin.ttf in Resources */,
				68FBCC0F278321ED008A4FEE /* Roboto-Italic.ttf in Resources */,
				68FBCC03278321ED008A4FEE /* Roboto-LightItalic.ttf in Resources */,
				68FBCBD927832070008A4FEE /* Assets.xcassets in Resources */,
				68FBCBFF278321ED008A4FEE /* Roboto-BlackItalic.ttf in Resources */,
				68FBCBF9278321ED008A4FEE /* Roboto-Black.ttf in Resources */,
				68FBCC05278321ED008A4FEE /* Roboto-Light.ttf in Resources */,
				68FBCC17278323BC008A4FEE /* Color.xcassets in Resources */,
				68FBCC07278321ED008A4FEE /* Roboto-MediumItalic.ttf in Resources */,
				68FBCBFB278321ED008A4FEE /* Roboto-Bold.ttf in Resources */,
			);
			runOnlyForDeploymentPostprocessing = 0;
		};
/* End PBXResourcesBuildPhase section */

/* Begin PBXSourcesBuildPhase section */
		68FBCBC727832070008A4FEE /* Sources */ = {
			isa = PBXSourcesBuildPhase;
			buildActionMask = 2147483647;
			files = (
				68FBCC1327832330008A4FEE /* UtilClass.swift in Sources */,
				68FBCC1F27832B9A008A4FEE /* LoginTextView.swift in Sources */,
				68FBCC2327833213008A4FEE /* CategoryView.swift in Sources */,
				685D310F278590E6000F691C /* CategoryViewModel.swift in Sources */,
				68FBCBD627832070008A4FEE /* ContentView.swift in Sources */,
				685D310527858477000F691C /* Constants.swift in Sources */,
				685D310D2785890D000F691C /* EgitimNavavbar.swift in Sources */,
				685D310827858477000F691C /* DoydukModel.swift in Sources */,
				685D310927858477000F691C /* Service.swift in Sources */,
				68FBCC1B27832575008A4FEE /* LoginView.swift in Sources */,
				68FBCBD427832070008A4FEE /* Egitim_DoydukApp.swift in Sources */,
				685D311527859F18000F691C /* DishesCell.swift in Sources */,
				685D311127859705000F691C /* CategoryCell.swift in Sources */,
				685D31172785A316000F691C /* CategoryDetailViewModel.swift in Sources */,
				685D311327859DC4000F691C /* CategoryDetailView.swift in Sources */,
				6886B61827880B6A0005E406 /* DishesDetailView.swift in Sources */,
			);
			runOnlyForDeploymentPostprocessing = 0;
		};
		68FBCBCD27832070008A4FEE /* Sources */ = {
			isa = PBXSourcesBuildPhase;
			buildActionMask = 2147483647;
			files = (
				68FBCC1427832330008A4FEE /* UtilClass.swift in Sources */,
				68FBCC2027832B9A008A4FEE /* LoginTextView.swift in Sources */,
				68FBCC2427833213008A4FEE /* CategoryView.swift in Sources */,
				68FBCBD727832070008A4FEE /* ContentView.swift in Sources */,
				68FBCC1C27832575008A4FEE /* LoginView.swift in Sources */,
				68FBCBD527832070008A4FEE /* Egitim_DoydukApp.swift in Sources */,
			);
			runOnlyForDeploymentPostprocessing = 0;
		};
/* End PBXSourcesBuildPhase section */

/* Begin XCBuildConfiguration section */
		68FBCBDA27832070008A4FEE /* Debug */ = {
			isa = XCBuildConfiguration;
			buildSettings = {
				ALWAYS_SEARCH_USER_PATHS = NO;
				CLANG_ANALYZER_NONNULL = YES;
				CLANG_ANALYZER_NUMBER_OBJECT_CONVERSION = YES_AGGRESSIVE;
				CLANG_CXX_LANGUAGE_STANDARD = "gnu++17";
				CLANG_CXX_LIBRARY = "libc++";
				CLANG_ENABLE_MODULES = YES;
				CLANG_ENABLE_OBJC_ARC = YES;
				CLANG_ENABLE_OBJC_WEAK = YES;
				CLANG_WARN_BLOCK_CAPTURE_AUTORELEASING = YES;
				CLANG_WARN_BOOL_CONVERSION = YES;
				CLANG_WARN_COMMA = YES;
				CLANG_WARN_CONSTANT_CONVERSION = YES;
				CLANG_WARN_DEPRECATED_OBJC_IMPLEMENTATIONS = YES;
				CLANG_WARN_DIRECT_OBJC_ISA_USAGE = YES_ERROR;
				CLANG_WARN_DOCUMENTATION_COMMENTS = YES;
				CLANG_WARN_EMPTY_BODY = YES;
				CLANG_WARN_ENUM_CONVERSION = YES;
				CLANG_WARN_INFINITE_RECURSION = YES;
				CLANG_WARN_INT_CONVERSION = YES;
				CLANG_WARN_NON_LITERAL_NULL_CONVERSION = YES;
				CLANG_WARN_OBJC_IMPLICIT_RETAIN_SELF = YES;
				CLANG_WARN_OBJC_LITERAL_CONVERSION = YES;
				CLANG_WARN_OBJC_ROOT_CLASS = YES_ERROR;
				CLANG_WARN_QUOTED_INCLUDE_IN_FRAMEWORK_HEADER = YES;
				CLANG_WARN_RANGE_LOOP_ANALYSIS = YES;
				CLANG_WARN_STRICT_PROTOTYPES = YES;
				CLANG_WARN_SUSPICIOUS_MOVE = YES;
				CLANG_WARN_UNGUARDED_AVAILABILITY = YES_AGGRESSIVE;
				CLANG_WARN_UNREACHABLE_CODE = YES;
				CLANG_WARN__DUPLICATE_METHOD_MATCH = YES;
				COPY_PHASE_STRIP = NO;
				DEBUG_INFORMATION_FORMAT = dwarf;
				ENABLE_STRICT_OBJC_MSGSEND = YES;
				ENABLE_TESTABILITY = YES;
				GCC_C_LANGUAGE_STANDARD = gnu11;
				GCC_DYNAMIC_NO_PIC = NO;
				GCC_NO_COMMON_BLOCKS = YES;
				GCC_OPTIMIZATION_LEVEL = 0;
				GCC_PREPROCESSOR_DEFINITIONS = (
					"DEBUG=1",
					"$(inherited)",
				);
				GCC_WARN_64_TO_32_BIT_CONVERSION = YES;
				GCC_WARN_ABOUT_RETURN_TYPE = YES_ERROR;
				GCC_WARN_UNDECLARED_SELECTOR = YES;
				GCC_WARN_UNINITIALIZED_AUTOS = YES_AGGRESSIVE;
				GCC_WARN_UNUSED_FUNCTION = YES;
				GCC_WARN_UNUSED_VARIABLE = YES;
				MTL_ENABLE_DEBUG_INFO = INCLUDE_SOURCE;
				MTL_FAST_MATH = YES;
				ONLY_ACTIVE_ARCH = YES;
				SWIFT_ACTIVE_COMPILATION_CONDITIONS = DEBUG;
				SWIFT_OPTIMIZATION_LEVEL = "-Onone";
			};
			name = Debug;
		};
		68FBCBDB27832070008A4FEE /* Release */ = {
			isa = XCBuildConfiguration;
			buildSettings = {
				ALWAYS_SEARCH_USER_PATHS = NO;
				CLANG_ANALYZER_NONNULL = YES;
				CLANG_ANALYZER_NUMBER_OBJECT_CONVERSION = YES_AGGRESSIVE;
				CLANG_CXX_LANGUAGE_STANDARD = "gnu++17";
				CLANG_CXX_LIBRARY = "libc++";
				CLANG_ENABLE_MODULES = YES;
				CLANG_ENABLE_OBJC_ARC = YES;
				CLANG_ENABLE_OBJC_WEAK = YES;
				CLANG_WARN_BLOCK_CAPTURE_AUTORELEASING = YES;
				CLANG_WARN_BOOL_CONVERSION = YES;
				CLANG_WARN_COMMA = YES;
				CLANG_WARN_CONSTANT_CONVERSION = YES;
				CLANG_WARN_DEPRECATED_OBJC_IMPLEMENTATIONS = YES;
				CLANG_WARN_DIRECT_OBJC_ISA_USAGE = YES_ERROR;
				CLANG_WARN_DOCUMENTATION_COMMENTS = YES;
				CLANG_WARN_EMPTY_BODY = YES;
				CLANG_WARN_ENUM_CONVERSION = YES;
				CLANG_WARN_INFINITE_RECURSION = YES;
				CLANG_WARN_INT_CONVERSION = YES;
				CLANG_WARN_NON_LITERAL_NULL_CONVERSION = YES;
				CLANG_WARN_OBJC_IMPLICIT_RETAIN_SELF = YES;
				CLANG_WARN_OBJC_LITERAL_CONVERSION = YES;
				CLANG_WARN_OBJC_ROOT_CLASS = YES_ERROR;
				CLANG_WARN_QUOTED_INCLUDE_IN_FRAMEWORK_HEADER = YES;
				CLANG_WARN_RANGE_LOOP_ANALYSIS = YES;
				CLANG_WARN_STRICT_PROTOTYPES = YES;
				CLANG_WARN_SUSPICIOUS_MOVE = YES;
				CLANG_WARN_UNGUARDED_AVAILABILITY = YES_AGGRESSIVE;
				CLANG_WARN_UNREACHABLE_CODE = YES;
				CLANG_WARN__DUPLICATE_METHOD_MATCH = YES;
				COPY_PHASE_STRIP = NO;
				DEBUG_INFORMATION_FORMAT = "dwarf-with-dsym";
				ENABLE_NS_ASSERTIONS = NO;
				ENABLE_STRICT_OBJC_MSGSEND = YES;
				GCC_C_LANGUAGE_STANDARD = gnu11;
				GCC_NO_COMMON_BLOCKS = YES;
				GCC_WARN_64_TO_32_BIT_CONVERSION = YES;
				GCC_WARN_ABOUT_RETURN_TYPE = YES_ERROR;
				GCC_WARN_UNDECLARED_SELECTOR = YES;
				GCC_WARN_UNINITIALIZED_AUTOS = YES_AGGRESSIVE;
				GCC_WARN_UNUSED_FUNCTION = YES;
				GCC_WARN_UNUSED_VARIABLE = YES;
				MTL_ENABLE_DEBUG_INFO = NO;
				MTL_FAST_MATH = YES;
				SWIFT_COMPILATION_MODE = wholemodule;
				SWIFT_OPTIMIZATION_LEVEL = "-O";
			};
			name = Release;
		};
		68FBCBDD27832070008A4FEE /* Debug */ = {
			isa = XCBuildConfiguration;
			buildSettings = {
				ASSETCATALOG_COMPILER_APPICON_NAME = AppIcon;
				ASSETCATALOG_COMPILER_GLOBAL_ACCENT_COLOR_NAME = AccentColor;
				CODE_SIGN_STYLE = Automatic;
				CURRENT_PROJECT_VERSION = 1;
				DEVELOPMENT_TEAM = MA8L248WV9;
				ENABLE_PREVIEWS = YES;
				GENERATE_INFOPLIST_FILE = YES;
				INFOPLIST_FILE = "Egitim-Doyduk--iOS--Info.plist";
				INFOPLIST_KEY_UIApplicationSceneManifest_Generation = YES;
				INFOPLIST_KEY_UIApplicationSupportsIndirectInputEvents = YES;
				INFOPLIST_KEY_UISupportedInterfaceOrientations_iPad = "UIInterfaceOrientationPortrait UIInterfaceOrientationPortraitUpsideDown UIInterfaceOrientationLandscapeLeft UIInterfaceOrientationLandscapeRight";
				INFOPLIST_KEY_UISupportedInterfaceOrientations_iPhone = "UIInterfaceOrientationPortrait UIInterfaceOrientationLandscapeLeft UIInterfaceOrientationLandscapeRight";
				IPHONEOS_DEPLOYMENT_TARGET = 15.2;
				LD_RUNPATH_SEARCH_PATHS = (
					"$(inherited)",
					"@executable_path/Frameworks",
				);
				MARKETING_VERSION = 1.0;
				PRODUCT_BUNDLE_IDENTIFIER = "appcent.Egitim-Doyduk";
				PRODUCT_NAME = Egitim_Doyduk;
				SDKROOT = iphoneos;
				SWIFT_EMIT_LOC_STRINGS = YES;
				SWIFT_VERSION = 5.0;
				TARGETED_DEVICE_FAMILY = "1,2";
			};
			name = Debug;
		};
		68FBCBDE27832070008A4FEE /* Release */ = {
			isa = XCBuildConfiguration;
			buildSettings = {
				ASSETCATALOG_COMPILER_APPICON_NAME = AppIcon;
				ASSETCATALOG_COMPILER_GLOBAL_ACCENT_COLOR_NAME = AccentColor;
				CODE_SIGN_STYLE = Automatic;
				CURRENT_PROJECT_VERSION = 1;
				DEVELOPMENT_TEAM = MA8L248WV9;
				ENABLE_PREVIEWS = YES;
				GENERATE_INFOPLIST_FILE = YES;
				INFOPLIST_FILE = "Egitim-Doyduk--iOS--Info.plist";
				INFOPLIST_KEY_UIApplicationSceneManifest_Generation = YES;
				INFOPLIST_KEY_UIApplicationSupportsIndirectInputEvents = YES;
				INFOPLIST_KEY_UISupportedInterfaceOrientations_iPad = "UIInterfaceOrientationPortrait UIInterfaceOrientationPortraitUpsideDown UIInterfaceOrientationLandscapeLeft UIInterfaceOrientationLandscapeRight";
				INFOPLIST_KEY_UISupportedInterfaceOrientations_iPhone = "UIInterfaceOrientationPortrait UIInterfaceOrientationLandscapeLeft UIInterfaceOrientationLandscapeRight";
				IPHONEOS_DEPLOYMENT_TARGET = 15.2;
				LD_RUNPATH_SEARCH_PATHS = (
					"$(inherited)",
					"@executable_path/Frameworks",
				);
				MARKETING_VERSION = 1.0;
				PRODUCT_BUNDLE_IDENTIFIER = "appcent.Egitim-Doyduk";
				PRODUCT_NAME = Egitim_Doyduk;
				SDKROOT = iphoneos;
				SWIFT_EMIT_LOC_STRINGS = YES;
				SWIFT_VERSION = 5.0;
				TARGETED_DEVICE_FAMILY = "1,2";
				VALIDATE_PRODUCT = YES;
			};
			name = Release;
		};
		68FBCBE027832070008A4FEE /* Debug */ = {
			isa = XCBuildConfiguration;
			buildSettings = {
				ASSETCATALOG_COMPILER_APPICON_NAME = AppIcon;
				ASSETCATALOG_COMPILER_GLOBAL_ACCENT_COLOR_NAME = AccentColor;
				CODE_SIGN_ENTITLEMENTS = macOS/macOS.entitlements;
				CODE_SIGN_STYLE = Automatic;
				COMBINE_HIDPI_IMAGES = YES;
				CURRENT_PROJECT_VERSION = 1;
				DEVELOPMENT_TEAM = MA8L248WV9;
				ENABLE_HARDENED_RUNTIME = YES;
				ENABLE_PREVIEWS = YES;
				GENERATE_INFOPLIST_FILE = YES;
				INFOPLIST_KEY_NSHumanReadableCopyright = "";
				LD_RUNPATH_SEARCH_PATHS = (
					"$(inherited)",
					"@executable_path/../Frameworks",
				);
				MACOSX_DEPLOYMENT_TARGET = 12.1;
				MARKETING_VERSION = 1.0;
				PRODUCT_BUNDLE_IDENTIFIER = "appcent.Egitim-Doyduk";
				PRODUCT_NAME = Egitim_Doyduk;
				SDKROOT = macosx;
				SWIFT_EMIT_LOC_STRINGS = YES;
				SWIFT_VERSION = 5.0;
			};
			name = Debug;
		};
		68FBCBE127832070008A4FEE /* Release */ = {
			isa = XCBuildConfiguration;
			buildSettings = {
				ASSETCATALOG_COMPILER_APPICON_NAME = AppIcon;
				ASSETCATALOG_COMPILER_GLOBAL_ACCENT_COLOR_NAME = AccentColor;
				CODE_SIGN_ENTITLEMENTS = macOS/macOS.entitlements;
				CODE_SIGN_STYLE = Automatic;
				COMBINE_HIDPI_IMAGES = YES;
				CURRENT_PROJECT_VERSION = 1;
				DEVELOPMENT_TEAM = MA8L248WV9;
				ENABLE_HARDENED_RUNTIME = YES;
				ENABLE_PREVIEWS = YES;
				GENERATE_INFOPLIST_FILE = YES;
				INFOPLIST_KEY_NSHumanReadableCopyright = "";
				LD_RUNPATH_SEARCH_PATHS = (
					"$(inherited)",
					"@executable_path/../Frameworks",
				);
				MACOSX_DEPLOYMENT_TARGET = 12.1;
				MARKETING_VERSION = 1.0;
				PRODUCT_BUNDLE_IDENTIFIER = "appcent.Egitim-Doyduk";
				PRODUCT_NAME = Egitim_Doyduk;
				SDKROOT = macosx;
				SWIFT_EMIT_LOC_STRINGS = YES;
				SWIFT_VERSION = 5.0;
			};
			name = Release;
		};
/* End XCBuildConfiguration section */

/* Begin XCConfigurationList section */
		68FBCBC22783206F008A4FEE /* Build configuration list for PBXProject "Egitim_Doyduk" */ = {
			isa = XCConfigurationList;
			buildConfigurations = (
				68FBCBDA27832070008A4FEE /* Debug */,
				68FBCBDB27832070008A4FEE /* Release */,
			);
			defaultConfigurationIsVisible = 0;
			defaultConfigurationName = Release;
		};
		68FBCBDC27832070008A4FEE /* Build configuration list for PBXNativeTarget "Egitim_Doyduk (iOS)" */ = {
			isa = XCConfigurationList;
			buildConfigurations = (
				68FBCBDD27832070008A4FEE /* Debug */,
				68FBCBDE27832070008A4FEE /* Release */,
			);
			defaultConfigurationIsVisible = 0;
			defaultConfigurationName = Release;
		};
		68FBCBDF27832070008A4FEE /* Build configuration list for PBXNativeTarget "Egitim_Doyduk (macOS)" */ = {
			isa = XCConfigurationList;
			buildConfigurations = (
				68FBCBE027832070008A4FEE /* Debug */,
				68FBCBE127832070008A4FEE /* Release */,
			);
			defaultConfigurationIsVisible = 0;
			defaultConfigurationName = Release;
		};
/* End XCConfigurationList section */
	};
	rootObject = 68FBCBBF2783206F008A4FEE /* Project object */;
}
